{
  "name": "cannabis-cli",
  "version": "0.0.1",
  "lockfileVersion": 1,
  "requires": true,
  "dependencies": {
    "cannabis": {
      "version": "file:..",
      "requires": {
        "astq": "github:cancerberoSgx/astq",
        "misc-utils-of-mine-generic": "^0.2.5",
        "string.ify": "^1.0.58",
        "ts-simple-ast-extra": "0.1.11"
      }
    }
  }
}
